
Microsoft Visual Studio Solution File, Format Version 12.00
# Visual Studio 15
VisualStudioVersion = 15.0.27703.2018
MinimumVisualStudioVersion = 10.0.40219.1
Project("{888888A0-9F3D-457C-B088-3A5042F75D52}") = "DataVisualizationWebApp", "DataVisualizationWebApp\DataVisualizationWebApp.pyproj", "{44B3E3E1-96FD-4EF2-B9B2-E07566393167}"
EndProject
Global
	GlobalSection(SolutionConfigurationPlatforms) = preSolution
		Debug|Any CPU = Debug|Any CPU
		Release|Any CPU = Release|Any CPU
	EndGlobalSection
	GlobalSection(ProjectConfigurationPlatforms) = postSolution
		{44B3E3E1-96FD-4EF2-B9B2-E07566393167}.Debug|Any CPU.ActiveCfg = Debug|Any CPU
		{44B3E3E1-96FD-4EF2-B9B2-E07566393167}.Debug|Any CPU.Build.0 = Debug|Any CPU
		{44B3E3E1-96FD-4EF2-B9B2-E07566393167}.Release|Any CPU.ActiveCfg = Release|Any CPU
		{44B3E3E1-96FD-4EF2-B9B2-E07566393167}.Release|Any CPU.Build.0 = Release|Any CPU
	EndGlobalSection
	GlobalSection(SolutionProperties) = preSolution
		HideSolutionNode = FALSE
	EndGlobalSection
	GlobalSection(ExtensibilityGlobals) = postSolution
		SolutionGuid = {7BF9CFA6-DF42-49EE-BAF0-D0B9CDEB1D06}
	EndGlobalSection
	GlobalSection(Performance) = preSolution
		HasPerformanceSessions = true
	EndGlobalSection
	GlobalSection(Performance) = preSolution
		HasPerformanceSessions = true
	EndGlobalSection
EndGlobal
